{
  "name": "aem-angular-core-spa-wcm-components",
  "version": "0.0.2",
  "lockfileVersion": 1,
  "requires": true,
  "dependencies": {
    "@adobe/cq-angular-editable-components": {
      "version": "2.0.2",
      "resolved": "https://registry.npmjs.org/@adobe/cq-angular-editable-components/-/cq-angular-editable-components-2.0.2.tgz",
      "integrity": "sha512-bCgFawh0Zdrg4hbClDKoCS4zjGnBwIn9PzeVBrz4j9XZK+GI7IAvdhZj2t2LCT59RtDWQuef/DfyZgQlagoFlw==",
      "requires": {
        "tslib": "^1.10.0"
      }
    },
    "@adobe/cq-spa-component-mapping": {
      "version": "1.0.3",
      "resolved": "https://registry.npmjs.org/@adobe/cq-spa-component-mapping/-/cq-spa-component-mapping-1.0.3.tgz",
      "integrity": "sha512-V2dNrgxTduUxGEqD/qRr6HY9g2NN7xoDD6HETs3cLlcecLH0N0hGz6R0R/7d/HNVoNo06q16UoOvAfPMHSKAsw==",
      "requires": {
        "babel-polyfill": "^6.26.0"
      }
    },
    "@adobe/cq-spa-page-model-manager": {
      "version": "1.1.3",
      "resolved": "https://registry.npmjs.org/@adobe/cq-spa-page-model-manager/-/cq-spa-page-model-manager-1.1.3.tgz",
      "integrity": "sha512-8aGUt3qcgSIthz+2BNeOaPH0LSWRyVHJIDdjpCejUy8C8scywUuZdb6TsQriSkfcS8kd/M1vFzModsFRt5DlbQ==",
      "requires": {
        "clone": "^2.1.2"
      }
    },
    "@angular/common": {
      "version": "9.1.12",
      "resolved": "https://registry.npmjs.org/@angular/common/-/common-9.1.12.tgz",
      "integrity": "sha512-XSIqkbM6VV1yixF9zuzeE5eqN1VsiXS517K2VU0XgCRSAzhVhLOeKsdYjeLf7PdSu/HgW/Tr81H+isi9A9I0YA=="
    },
    "@angular/core": {
      "version": "9.1.12",
      "resolved": "https://registry.npmjs.org/@angular/core/-/core-9.1.12.tgz",
      "integrity": "sha512-WVA/eh3fzjx0apOzkKot4YRRUsGkHj50zFQWrAOMgivGaj1YVrvhf+m3hpglj5fn/BkLiFDl8RT0wAE8z9X+gQ=="
    },
    "aem-angular-core-wcm-components": {
      "version": "0.0.2",
      "resolved": "https://registry.npmjs.org/aem-angular-core-wcm-components/-/aem-angular-core-wcm-components-0.0.2.tgz",
      "integrity": "sha512-3nMd5Rho2lC3WJF1RZ43IiOl4x8bXAGN0efm/LV8G0g9Oj38gh8YCfshi6OBPgsS8ef9jbqp5pOGgOkaXOT1eQ==",
      "requires": {
        "tslib": "^1.10.0"
      }
    },
    "babel-polyfill": {
      "version": "6.26.0",
      "resolved": "https://registry.npmjs.org/babel-polyfill/-/babel-polyfill-6.26.0.tgz",
      "integrity": "sha1-N5k3q8Z9eJWXCtxiHyhM2WbPIVM=",
      "optional": true,
      "requires": {
        "babel-runtime": "^6.26.0",
        "core-js": "^2.5.0",
        "regenerator-runtime": "^0.10.5"
      }
    },
    "babel-runtime": {
      "version": "6.26.0",
      "resolved": "https://registry.npmjs.org/babel-runtime/-/babel-runtime-6.26.0.tgz",
      "integrity": "sha1-llxwWGaOgrVde/4E/yM3vItWR/4=",
      "optional": true,
      "requires": {
        "core-js": "^2.4.0",
        "regenerator-runtime": "^0.11.0"
      },
      "dependencies": {
        "regenerator-runtime": {
          "version": "0.11.1",
          "resolved": "https://registry.npmjs.org/regenerator-runtime/-/regenerator-runtime-0.11.1.tgz",
          "integrity": "sha512-MguG95oij0fC3QV3URf4V2SDYGJhJnJGqvIIgdECeODCT98wSWDAJ94SSuVpYQUoTcGUIL6L4yNB7j1DFFHSBg==",
          "optional": true
        }
      }
    },
    "clone": {
      "version": "2.1.2",
      "resolved": "https://registry.npmjs.org/clone/-/clone-2.1.2.tgz",
      "integrity": "sha1-G39Ln1kfHo+DZwQBYANFoCiHQ18="
    },
    "core-js": {
      "version": "2.6.11",
      "resolved": "https://registry.npmjs.org/core-js/-/core-js-2.6.11.tgz",
      "integrity": "sha512-5wjnpaT/3dV+XB4borEsnAYQchn00XSgTAWKDkEqv+K8KevjbzmofK6hfJ9TZIlpj2N0xQpazy7PiRQiWHqzWg==",
      "optional": true
    },
    "regenerator-runtime": {
      "version": "0.10.5",
      "resolved": "https://registry.npmjs.org/regenerator-runtime/-/regenerator-runtime-0.10.5.tgz",
      "integrity": "sha1-M2w+/BIgrc7dosn6tntaeVWjNlg=",
      "optional": true
    },
    "tslib": {
      "version": "1.13.0",
      "resolved": "https://registry.npmjs.org/tslib/-/tslib-1.13.0.tgz",
      "integrity": "sha512-i/6DQjL8Xf3be4K/E6Wgpekn5Qasl1usyw++dAA35Ue5orEn65VIxOA+YvNNl9HV3qv70T7CNwjODHZrLwvd1Q=="
    }
  }
}
